{
  "lockfileVersion": 1,
  "workspaces": {
    "": {
      "name": "@mandel59/imgserver",
      "dependencies": {
        "@tanstack/query-core": "^5.76.0",
        "@types/path-browserify": "^1.0.3",
        "adm-zip": "^0.5.16",
        "hono": "^4.7.10",
        "iconv-lite": "^0.6.3",
        "immer": "^10.1.1",
        "jotai": "^2.12.4",
        "jotai-effect": "^2.0.2",
        "jotai-location": "^0.5.5",
        "jotai-tanstack-query": "^0.9.0",
        "path-browserify": "^1.0.1",
        "react": "^19.1.0",
        "react-dom": "^19.1.0",
        "react-icons": "^5.5.0",
        "react-swipeable": "^7.0.2",
        "sharp": "^0.34.2",
      },
      "devDependencies": {
        "@types/adm-zip": "^0.5.7",
        "@types/bun": "latest",
        "@types/hammerjs": "^2.0.46",
        "@types/react": "^19.1.5",
        "@types/react-dom": "^19.1.5",
      },
      "peerDependencies": {
        "bun": "^1.2.14",
        "typescript": "^5.8.3",
      },
    },
  },
  "packages": {
    "@emnapi/runtime": ["@emnapi/runtime@1.4.3", "", { "dependencies": { "tslib": "^2.4.0" } }, "sha512-pBPWdu6MLKROBX05wSNKcNb++m5Er+KQ9QkB+WVM+pW2Kx9hoSrVTnu3BdkI5eBLZoKu/J6mW/B6i6bJB2ytXQ=="],

    "@img/sharp-darwin-arm64": ["@img/sharp-darwin-arm64@0.34.2", "", { "optionalDependencies": { "@img/sharp-libvips-darwin-arm64": "1.1.0" }, "os": "darwin", "cpu": "arm64" }, "sha512-OfXHZPppddivUJnqyKoi5YVeHRkkNE2zUFT2gbpKxp/JZCFYEYubnMg+gOp6lWfasPrTS+KPosKqdI+ELYVDtg=="],

    "@img/sharp-darwin-x64": ["@img/sharp-darwin-x64@0.34.2", "", { "optionalDependencies": { "@img/sharp-libvips-darwin-x64": "1.1.0" }, "os": "darwin", "cpu": "x64" }, "sha512-dYvWqmjU9VxqXmjEtjmvHnGqF8GrVjM2Epj9rJ6BUIXvk8slvNDJbhGFvIoXzkDhrJC2jUxNLz/GUjjvSzfw+g=="],

    "@img/sharp-libvips-darwin-arm64": ["@img/sharp-libvips-darwin-arm64@1.1.0", "", { "os": "darwin", "cpu": "arm64" }, "sha512-HZ/JUmPwrJSoM4DIQPv/BfNh9yrOA8tlBbqbLz4JZ5uew2+o22Ik+tHQJcih7QJuSa0zo5coHTfD5J8inqj9DA=="],

    "@img/sharp-libvips-darwin-x64": ["@img/sharp-libvips-darwin-x64@1.1.0", "", { "os": "darwin", "cpu": "x64" }, "sha512-Xzc2ToEmHN+hfvsl9wja0RlnXEgpKNmftriQp6XzY/RaSfwD9th+MSh0WQKzUreLKKINb3afirxW7A0fz2YWuQ=="],

    "@img/sharp-libvips-linux-arm": ["@img/sharp-libvips-linux-arm@1.1.0", "", { "os": "linux", "cpu": "arm" }, "sha512-s8BAd0lwUIvYCJyRdFqvsj+BJIpDBSxs6ivrOPm/R7piTs5UIwY5OjXrP2bqXC9/moGsyRa37eYWYCOGVXxVrA=="],

    "@img/sharp-libvips-linux-arm64": ["@img/sharp-libvips-linux-arm64@1.1.0", "", { "os": "linux", "cpu": "arm64" }, "sha512-IVfGJa7gjChDET1dK9SekxFFdflarnUB8PwW8aGwEoF3oAsSDuNUTYS+SKDOyOJxQyDC1aPFMuRYLoDInyV9Ew=="],

    "@img/sharp-libvips-linux-ppc64": ["@img/sharp-libvips-linux-ppc64@1.1.0", "", { "os": "linux", "cpu": "ppc64" }, "sha512-tiXxFZFbhnkWE2LA8oQj7KYR+bWBkiV2nilRldT7bqoEZ4HiDOcePr9wVDAZPi/Id5fT1oY9iGnDq20cwUz8lQ=="],

    "@img/sharp-libvips-linux-s390x": ["@img/sharp-libvips-linux-s390x@1.1.0", "", { "os": "linux", "cpu": "s390x" }, "sha512-xukSwvhguw7COyzvmjydRb3x/09+21HykyapcZchiCUkTThEQEOMtBj9UhkaBRLuBrgLFzQ2wbxdeCCJW/jgJA=="],

    "@img/sharp-libvips-linux-x64": ["@img/sharp-libvips-linux-x64@1.1.0", "", { "os": "linux", "cpu": "x64" }, "sha512-yRj2+reB8iMg9W5sULM3S74jVS7zqSzHG3Ol/twnAAkAhnGQnpjj6e4ayUz7V+FpKypwgs82xbRdYtchTTUB+Q=="],

    "@img/sharp-libvips-linuxmusl-arm64": ["@img/sharp-libvips-linuxmusl-arm64@1.1.0", "", { "os": "linux", "cpu": "arm64" }, "sha512-jYZdG+whg0MDK+q2COKbYidaqW/WTz0cc1E+tMAusiDygrM4ypmSCjOJPmFTvHHJ8j/6cAGyeDWZOsK06tP33w=="],

    "@img/sharp-libvips-linuxmusl-x64": ["@img/sharp-libvips-linuxmusl-x64@1.1.0", "", { "os": "linux", "cpu": "x64" }, "sha512-wK7SBdwrAiycjXdkPnGCPLjYb9lD4l6Ze2gSdAGVZrEL05AOUJESWU2lhlC+Ffn5/G+VKuSm6zzbQSzFX/P65A=="],

    "@img/sharp-linux-arm": ["@img/sharp-linux-arm@0.34.2", "", { "optionalDependencies": { "@img/sharp-libvips-linux-arm": "1.1.0" }, "os": "linux", "cpu": "arm" }, "sha512-0DZzkvuEOqQUP9mo2kjjKNok5AmnOr1jB2XYjkaoNRwpAYMDzRmAqUIa1nRi58S2WswqSfPOWLNOr0FDT3H5RQ=="],

    "@img/sharp-linux-arm64": ["@img/sharp-linux-arm64@0.34.2", "", { "optionalDependencies": { "@img/sharp-libvips-linux-arm64": "1.1.0" }, "os": "linux", "cpu": "arm64" }, "sha512-D8n8wgWmPDakc83LORcfJepdOSN6MvWNzzz2ux0MnIbOqdieRZwVYY32zxVx+IFUT8er5KPcyU3XXsn+GzG/0Q=="],

    "@img/sharp-linux-s390x": ["@img/sharp-linux-s390x@0.34.2", "", { "optionalDependencies": { "@img/sharp-libvips-linux-s390x": "1.1.0" }, "os": "linux", "cpu": "s390x" }, "sha512-EGZ1xwhBI7dNISwxjChqBGELCWMGDvmxZXKjQRuqMrakhO8QoMgqCrdjnAqJq/CScxfRn+Bb7suXBElKQpPDiw=="],

    "@img/sharp-linux-x64": ["@img/sharp-linux-x64@0.34.2", "", { "optionalDependencies": { "@img/sharp-libvips-linux-x64": "1.1.0" }, "os": "linux", "cpu": "x64" }, "sha512-sD7J+h5nFLMMmOXYH4DD9UtSNBD05tWSSdWAcEyzqW8Cn5UxXvsHAxmxSesYUsTOBmUnjtxghKDl15EvfqLFbQ=="],

    "@img/sharp-linuxmusl-arm64": ["@img/sharp-linuxmusl-arm64@0.34.2", "", { "optionalDependencies": { "@img/sharp-libvips-linuxmusl-arm64": "1.1.0" }, "os": "linux", "cpu": "arm64" }, "sha512-NEE2vQ6wcxYav1/A22OOxoSOGiKnNmDzCYFOZ949xFmrWZOVII1Bp3NqVVpvj+3UeHMFyN5eP/V5hzViQ5CZNA=="],

    "@img/sharp-linuxmusl-x64": ["@img/sharp-linuxmusl-x64@0.34.2", "", { "optionalDependencies": { "@img/sharp-libvips-linuxmusl-x64": "1.1.0" }, "os": "linux", "cpu": "x64" }, "sha512-DOYMrDm5E6/8bm/yQLCWyuDJwUnlevR8xtF8bs+gjZ7cyUNYXiSf/E8Kp0Ss5xasIaXSHzb888V1BE4i1hFhAA=="],

    "@img/sharp-wasm32": ["@img/sharp-wasm32@0.34.2", "", { "dependencies": { "@emnapi/runtime": "^1.4.3" }, "cpu": "none" }, "sha512-/VI4mdlJ9zkaq53MbIG6rZY+QRN3MLbR6usYlgITEzi4Rpx5S6LFKsycOQjkOGmqTNmkIdLjEvooFKwww6OpdQ=="],

    "@img/sharp-win32-arm64": ["@img/sharp-win32-arm64@0.34.2", "", { "os": "win32", "cpu": "arm64" }, "sha512-cfP/r9FdS63VA5k0xiqaNaEoGxBg9k7uE+RQGzuK9fHt7jib4zAVVseR9LsE4gJcNWgT6APKMNnCcnyOtmSEUQ=="],

    "@img/sharp-win32-ia32": ["@img/sharp-win32-ia32@0.34.2", "", { "os": "win32", "cpu": "ia32" }, "sha512-QLjGGvAbj0X/FXl8n1WbtQ6iVBpWU7JO94u/P2M4a8CFYsvQi4GW2mRy/JqkRx0qpBzaOdKJKw8uc930EX2AHw=="],

    "@img/sharp-win32-x64": ["@img/sharp-win32-x64@0.34.2", "", { "os": "win32", "cpu": "x64" }, "sha512-aUdT6zEYtDKCaxkofmmJDJYGCf0+pJg3eU9/oBuqvEeoB9dKI6ZLc/1iLJCTuJQDO4ptntAlkUmHgGjyuobZbw=="],

    "@oven/bun-darwin-aarch64": ["@oven/bun-darwin-aarch64@1.2.14", "", { "os": "darwin", "cpu": "arm64" }, "sha512-pGRsFypDOrV5rdMoOklMrj/RoV1xQirxjN8sAJNNlrQe/rvUbKSebDjlS70cBuxidLZq3+15y/KRr3njmcWkJQ=="],

    "@oven/bun-darwin-x64": ["@oven/bun-darwin-x64@1.2.14", "", { "os": "darwin", "cpu": "x64" }, "sha512-GhbzN7qGRnbus0eaqVfxSEyQTTNdUXhkGNi4nFbj7gfVMLXQb5JNj/kmCRu7hX+TOTkF+hrB1FKXcb4A3B3kHg=="],

    "@oven/bun-darwin-x64-baseline": ["@oven/bun-darwin-x64-baseline@1.2.14", "", { "os": "darwin", "cpu": "x64" }, "sha512-pxGVEuQUYA7ibNO92OgUtTpjN73sqHafl2MZNUGhFTwJN2Qw4Neq9nGIDwmVL6LFU0sMapNeh4I7snR3UO2xIg=="],

    "@oven/bun-linux-aarch64": ["@oven/bun-linux-aarch64@1.2.14", "", { "os": "linux", "cpu": "arm64" }, "sha512-7JQBOjJ/w3Zp5i6tv9Evduy4fUXaj6z6YZ/iIgkw1wBwmIQ5hTJAy4UGHaqTqyU6rgUWTpbsQ+GBY2rHXgou9A=="],

    "@oven/bun-linux-aarch64-musl": ["@oven/bun-linux-aarch64-musl@1.2.14", "", { "os": "linux", "cpu": "none" }, "sha512-K0QQ3srd900Xnx4++QS0KlaOYqiNN0RNJ1AZq0r31t1JdDP+tjuD/imAcE08A6XDkOvl00KSUdMyU8lERRDblQ=="],

    "@oven/bun-linux-x64": ["@oven/bun-linux-x64@1.2.14", "", { "os": "linux", "cpu": "x64" }, "sha512-2TXQzbhFnoW9PUUy5Ey7qAIeY2l0iqYAOZGFMAvTbtqE+WreHS0NC3DKoyALwrBHddkwS+VGUwr+Hcl4TMjNvg=="],

    "@oven/bun-linux-x64-baseline": ["@oven/bun-linux-x64-baseline@1.2.14", "", { "os": "linux", "cpu": "x64" }, "sha512-ZViqobm73HvPQVhNG07kfnLyDpMSi7vLTzzVSrVHvFGSeZ79MzdtHauYVnv8ovqgJmrWfhES74O8QVCUW4P0ZQ=="],

    "@oven/bun-linux-x64-musl": ["@oven/bun-linux-x64-musl@1.2.14", "", { "os": "linux", "cpu": "x64" }, "sha512-u9j7hjkGhLbrpvTANVdmC9jrkfUINfZ4WD/Dir7BrII0XnpoIJXkn+B/gmvgtJFKmtLPF9b/nFVojVNFQ1zFUA=="],

    "@oven/bun-linux-x64-musl-baseline": ["@oven/bun-linux-x64-musl-baseline@1.2.14", "", { "os": "linux", "cpu": "x64" }, "sha512-7Lb5/XqtGRtHv1TjlpS5863ZwsuFqZ8xIrCGrHcKyHpyih1mG9nsON7MEKctrWPzcPe1L/9y20y0z/72plzIYA=="],

    "@oven/bun-windows-x64": ["@oven/bun-windows-x64@1.2.14", "", { "os": "win32", "cpu": "x64" }, "sha512-Zur1ecPTYOURe5USpC/EjbquHloAehoW2iWg4A2SMNg30MilykaL2l3MjZDuDgHWECmRFRyKQgMWkgozVL/6uw=="],

    "@oven/bun-windows-x64-baseline": ["@oven/bun-windows-x64-baseline@1.2.14", "", { "os": "win32", "cpu": "x64" }, "sha512-4uXxPVTznUdQjsW9RBp6JybwhCZdt+mu4kJSpn1qWh6dCwDQhYvkCfako6x1FYW0+eZJEucwyyC36o1tbq2c+A=="],

    "@tanstack/query-core": ["@tanstack/query-core@5.76.0", "", {}, "sha512-FN375hb8ctzfNAlex5gHI6+WDXTNpe0nbxp/d2YJtnP+IBM6OUm7zcaoCW6T63BawGOYZBbKC0iPvr41TteNVg=="],

    "@types/adm-zip": ["@types/adm-zip@0.5.7", "", { "dependencies": { "@types/node": "*" } }, "sha512-DNEs/QvmyRLurdQPChqq0Md4zGvPwHerAJYWk9l2jCbD1VPpnzRJorOdiq4zsw09NFbYnhfsoEhWtxIzXpn2yw=="],

    "@types/bun": ["@types/bun@1.2.14", "", { "dependencies": { "bun-types": "1.2.14" } }, "sha512-VsFZKs8oKHzI7zwvECiAJ5oSorWndIWEVhfbYqZd4HI/45kzW7PN2Rr5biAzvGvRuNmYLSANY+H59ubHq8xw7Q=="],

    "@types/hammerjs": ["@types/hammerjs@2.0.46", "", {}, "sha512-ynRvcq6wvqexJ9brDMS4BnBLzmr0e14d6ZJTEShTBWKymQiHwlAyGu0ZPEFI2Fh1U53F7tN9ufClWM5KvqkKOw=="],

    "@types/node": ["@types/node@22.14.1", "", { "dependencies": { "undici-types": "~6.21.0" } }, "sha512-u0HuPQwe/dHrItgHHpmw3N2fYCR6x4ivMNbPHRkBVP4CvN+kiRrKHWk3i8tXiO/joPwXLMYvF9TTF0eqgHIuOw=="],

    "@types/path-browserify": ["@types/path-browserify@1.0.3", "", {}, "sha512-ZmHivEbNCBtAfcrFeBCiTjdIc2dey0l7oCGNGpSuRTy8jP6UVND7oUowlvDujBy8r2Hoa8bfFUOCiPWfmtkfxw=="],

    "@types/react": ["@types/react@19.1.5", "", { "dependencies": { "csstype": "^3.0.2" } }, "sha512-piErsCVVbpMMT2r7wbawdZsq4xMvIAhQuac2gedQHysu1TZYEigE6pnFfgZT+/jQnrRuF5r+SHzuehFjfRjr4g=="],

    "@types/react-dom": ["@types/react-dom@19.1.5", "", { "peerDependencies": { "@types/react": "^19.0.0" } }, "sha512-CMCjrWucUBZvohgZxkjd6S9h0nZxXjzus6yDfUb+xLxYM7VvjKNH1tQrE9GWLql1XoOP4/Ds3bwFqShHUYraGg=="],

    "adm-zip": ["adm-zip@0.5.16", "", {}, "sha512-TGw5yVi4saajsSEgz25grObGHEUaDrniwvA2qwSC060KfqGPdglhvPMA2lPIoxs3PQIItj2iag35fONcQqgUaQ=="],

    "bun": ["bun@1.2.14", "", { "optionalDependencies": { "@oven/bun-darwin-aarch64": "1.2.14", "@oven/bun-darwin-x64": "1.2.14", "@oven/bun-darwin-x64-baseline": "1.2.14", "@oven/bun-linux-aarch64": "1.2.14", "@oven/bun-linux-aarch64-musl": "1.2.14", "@oven/bun-linux-x64": "1.2.14", "@oven/bun-linux-x64-baseline": "1.2.14", "@oven/bun-linux-x64-musl": "1.2.14", "@oven/bun-linux-x64-musl-baseline": "1.2.14", "@oven/bun-windows-x64": "1.2.14", "@oven/bun-windows-x64-baseline": "1.2.14" }, "os": [ "linux", "win32", "darwin", ], "cpu": [ "x64", "arm64", ], "bin": { "bun": "bin/bun.exe", "bunx": "bin/bun.exe" } }, "sha512-xCd8eiUn5jju0+Noaz7aTWZFvrC8NbMjvcLDnk3gsa1UEaE3Gk4jMStZDsSzW97ynkb4d2ZYvwunstQxJhpZaA=="],

    "bun-types": ["bun-types@1.2.14", "", { "dependencies": { "@types/node": "*" } }, "sha512-Kuh4Ub28ucMRWeiUUWMHsT9Wcbr4H3kLIO72RZZElSDxSu7vpetRvxIUDUaW6QtaIeixIpm7OXtNnZPf82EzwA=="],

    "color": ["color@4.2.3", "", { "dependencies": { "color-convert": "^2.0.1", "color-string": "^1.9.0" } }, "sha512-1rXeuUUiGGrykh+CeBdu5Ie7OJwinCgQY0bc7GCRxy5xVHy+moaqkpL/jqQq0MtQOeYcrqEz4abc5f0KtU7W4A=="],

    "color-convert": ["color-convert@2.0.1", "", { "dependencies": { "color-name": "~1.1.4" } }, "sha512-RRECPsj7iu/xb5oKYcsFHSppFNnsj/52OVTRKb4zP5onXwVF3zVmmToNcOfGC+CRDpfK/U584fMg38ZHCaElKQ=="],

    "color-name": ["color-name@1.1.4", "", {}, "sha512-dOy+3AuW3a2wNbZHIuMZpTcgjGuLU/uBL/ubcZF9OXbDo8ff4O8yVp5Bf0efS8uEoYo5q4Fx7dY9OgQGXgAsQA=="],

    "color-string": ["color-string@1.9.1", "", { "dependencies": { "color-name": "^1.0.0", "simple-swizzle": "^0.2.2" } }, "sha512-shrVawQFojnZv6xM40anx4CkoDP+fZsw/ZerEMsW/pyzsRbElpsL/DBVW7q3ExxwusdNXI3lXpuhEZkzs8p5Eg=="],

    "csstype": ["csstype@3.1.3", "", {}, "sha512-M1uQkMl8rQK/szD0LNhtqxIPLpimGm8sOBwU7lLnCpSbTyY3yeU1Vc7l4KT5zT4s/yOxHH5O7tIuuLOCnLADRw=="],

    "detect-libc": ["detect-libc@2.0.4", "", {}, "sha512-3UDv+G9CsCKO1WKMGw9fwq/SWJYbI0c5Y7LU1AXYoDdbhE2AHQ6N6Nb34sG8Fj7T5APy8qXDCKuuIHd1BR0tVA=="],

    "hono": ["hono@4.7.10", "", {}, "sha512-QkACju9MiN59CKSY5JsGZCYmPZkA6sIW6OFCUp7qDjZu6S6KHtJHhAc9Uy9mV9F8PJ1/HQ3ybZF2yjCa/73fvQ=="],

    "iconv-lite": ["iconv-lite@0.6.3", "", { "dependencies": { "safer-buffer": ">= 2.1.2 < 3.0.0" } }, "sha512-4fCk79wshMdzMp2rH06qWrJE4iolqLhCUH+OiuIgU++RB0+94NlDL81atO7GX55uUKueo0txHNtvEyI6D7WdMw=="],

    "immer": ["immer@10.1.1", "", {}, "sha512-s2MPrmjovJcoMaHtx6K11Ra7oD05NT97w1IC5zpMkT6Atjr7H8LjaDd81iIxUYpMKSRRNMJE703M1Fhr/TctHw=="],

    "is-arrayish": ["is-arrayish@0.3.2", "", {}, "sha512-eVRqCvVlZbuw3GrM63ovNSNAeA1K16kaR/LRY/92w0zxQ5/1YzwblUX652i4Xs9RwAGjW9d9y6X88t8OaAJfWQ=="],

    "jotai": ["jotai@2.12.4", "", { "peerDependencies": { "@types/react": ">=17.0.0", "react": ">=17.0.0" }, "optionalPeers": ["@types/react", "react"] }, "sha512-eFXLJol4oOLM8BS1+QV+XwaYQITG8n1tatBCFl4F5HE3zR5j2WIK8QpMt7VJIYmlogNUZfvB7wjwLoVk+umB9Q=="],

    "jotai-effect": ["jotai-effect@2.0.2", "", { "peerDependencies": { "jotai": ">=2.12.1" } }, "sha512-bk5J9YreQjenxoss+9gHtH1KEHpznXVq0JlThbhSmsX+0lbBZoMbJrJNspd4UOqMS3gesmpP/ea8cCaPK3AkEw=="],

    "jotai-location": ["jotai-location@0.5.5", "", { "peerDependencies": { "jotai": ">=1.11.0" } }, "sha512-6QW/7W9IJHjhbn7gRgAw4sC30k0/G6JiC4uPlKi8ZPZGYk7R7r9PyMD2eVhL4XSxxag89JxS1iSyr6BIXsB4Sw=="],

    "jotai-tanstack-query": ["jotai-tanstack-query@0.9.0", "", { "peerDependencies": { "@tanstack/query-core": "*", "jotai": ">=2.0.0" } }, "sha512-8n7/xV14+ZE63dyqngtmqs6aV1bNnQJF9bJN5Bj70USc2cMFRmsVhGGzL1cSvp5E/xXasU37czFFaZ0vavmyfA=="],

    "path-browserify": ["path-browserify@1.0.1", "", {}, "sha512-b7uo2UCUOYZcnF/3ID0lulOJi/bafxa1xPe7ZPsammBSpjSWQkjNxlt635YGS2MiR9GjvuXCtz2emr3jbsz98g=="],

    "react": ["react@19.1.0", "", {}, "sha512-FS+XFBNvn3GTAWq26joslQgWNoFu08F4kl0J4CgdNKADkdSGXQyTCnKteIAJy96Br6YbpEU1LSzV5dYtjMkMDg=="],

    "react-dom": ["react-dom@19.1.0", "", { "dependencies": { "scheduler": "^0.26.0" }, "peerDependencies": { "react": "^19.1.0" } }, "sha512-Xs1hdnE+DyKgeHJeJznQmYMIBG3TKIHJJT95Q58nHLSrElKlGQqDTR2HQ9fx5CN/Gk6Vh/kupBTDLU11/nDk/g=="],

    "react-icons": ["react-icons@5.5.0", "", { "peerDependencies": { "react": "*" } }, "sha512-MEFcXdkP3dLo8uumGI5xN3lDFNsRtrjbOEKDLD7yv76v4wpnEq2Lt2qeHaQOr34I/wPN3s3+N08WkQ+CW37Xiw=="],

    "react-swipeable": ["react-swipeable@7.0.2", "", { "peerDependencies": { "react": "^16.8.3 || ^17 || ^18 || ^19.0.0 || ^19.0.0-rc" } }, "sha512-v1Qx1l+aC2fdxKa9aKJiaU/ZxmJ5o98RMoFwUqAAzVWUcxgfHFXDDruCKXhw6zIYXm6V64JiHgP9f6mlME5l8w=="],

    "safer-buffer": ["safer-buffer@2.1.2", "", {}, "sha512-YZo3K82SD7Riyi0E1EQPojLz7kpepnSQI9IyPbHHg1XXXevb5dJI7tpyN2ADxGcQbHG7vcyRHk0cbwqcQriUtg=="],

    "scheduler": ["scheduler@0.26.0", "", {}, "sha512-NlHwttCI/l5gCPR3D1nNXtWABUmBwvZpEQiD4IXSbIDq8BzLIK/7Ir5gTFSGZDUu37K5cMNp0hFtzO38sC7gWA=="],

    "semver": ["semver@7.7.2", "", { "bin": { "semver": "bin/semver.js" } }, "sha512-RF0Fw+rO5AMf9MAyaRXI4AV0Ulj5lMHqVxxdSgiVbixSCXoEmmX/jk0CuJw4+3SqroYO9VoUh+HcuJivvtJemA=="],

    "sharp": ["sharp@0.34.2", "", { "dependencies": { "color": "^4.2.3", "detect-libc": "^2.0.4", "semver": "^7.7.2" }, "optionalDependencies": { "@img/sharp-darwin-arm64": "0.34.2", "@img/sharp-darwin-x64": "0.34.2", "@img/sharp-libvips-darwin-arm64": "1.1.0", "@img/sharp-libvips-darwin-x64": "1.1.0", "@img/sharp-libvips-linux-arm": "1.1.0", "@img/sharp-libvips-linux-arm64": "1.1.0", "@img/sharp-libvips-linux-ppc64": "1.1.0", "@img/sharp-libvips-linux-s390x": "1.1.0", "@img/sharp-libvips-linux-x64": "1.1.0", "@img/sharp-libvips-linuxmusl-arm64": "1.1.0", "@img/sharp-libvips-linuxmusl-x64": "1.1.0", "@img/sharp-linux-arm": "0.34.2", "@img/sharp-linux-arm64": "0.34.2", "@img/sharp-linux-s390x": "0.34.2", "@img/sharp-linux-x64": "0.34.2", "@img/sharp-linuxmusl-arm64": "0.34.2", "@img/sharp-linuxmusl-x64": "0.34.2", "@img/sharp-wasm32": "0.34.2", "@img/sharp-win32-arm64": "0.34.2", "@img/sharp-win32-ia32": "0.34.2", "@img/sharp-win32-x64": "0.34.2" } }, "sha512-lszvBmB9QURERtyKT2bNmsgxXK0ShJrL/fvqlonCo7e6xBF8nT8xU6pW+PMIbLsz0RxQk3rgH9kd8UmvOzlMJg=="],

    "simple-swizzle": ["simple-swizzle@0.2.2", "", { "dependencies": { "is-arrayish": "^0.3.1" } }, "sha512-JA//kQgZtbuY83m+xT+tXJkmJncGMTFT+C+g2h2R9uxkYIrE2yy9sgmcLhCnw57/WSD+Eh3J97FPEDFnbXnDUg=="],

    "tslib": ["tslib@2.8.1", "", {}, "sha512-oJFu94HQb+KVduSUQL7wnpmqnfmLsOA/nAh6b6EH0wCEoK0/mPeXU6c3wKDV83MkOuHPRHtSXKKU99IBazS/2w=="],

    "typescript": ["typescript@5.8.3", "", { "bin": { "tsc": "bin/tsc", "tsserver": "bin/tsserver" } }, "sha512-p1diW6TqL9L07nNxvRMM7hMMw4c5XOo/1ibL4aAIGmSAt9slTE1Xgw5KWuof2uTOvCg9BY7ZRi+GaF+7sfgPeQ=="],

    "undici-types": ["undici-types@6.21.0", "", {}, "sha512-iwDZqg0QAGrg9Rav5H4n0M64c3mkR59cJ6wQp+7C4nI0gsmExaedaYLNO44eT4AtBBwjbTiGPMlt2Md0T9H9JQ=="],
  }
}
